// !$*UTF8*$!
{
	archiveVersion = 1;
	classes = {
	};
	objectVersion = 46;
	objects = {

/* Begin PBXBuildFile section */
		3D16156C1E54AF16008A8519 /* AppDelegate.swift in Sources */ = {isa = PBXBuildFile; fileRef = 3D16156B1E54AF16008A8519 /* AppDelegate.swift */; };
		3D16156E1E54AF16008A8519 /* ViewController.swift in Sources */ = {isa = PBXBuildFile; fileRef = 3D16156D1E54AF16008A8519 /* ViewController.swift */; };
		3D1615711E54AF16008A8519 /* Main.storyboard in Resources */ = {isa = PBXBuildFile; fileRef = 3D16156F1E54AF16008A8519 /* Main.storyboard */; };
		3D1615741E54AF16008A8519 /* CalcApp.xcdatamodeld in Sources */ = {isa = PBXBuildFile; fileRef = 3D1615721E54AF16008A8519 /* CalcApp.xcdatamodeld */; };
		3D1615761E54AF16008A8519 /* Assets.xcassets in Resources */ = {isa = PBXBuildFile; fileRef = 3D1615751E54AF16008A8519 /* Assets.xcassets */; };
		3D1615791E54AF16008A8519 /* LaunchScreen.storyboard in Resources */ = {isa = PBXBuildFile; fileRef = 3D1615771E54AF16008A8519 /* LaunchScreen.storyboard */; };
/* End PBXBuildFile section */

/* Begin PBXFileReference section */
		3D1615681E54AF16008A8519 /* CalcApp.app */ = {isa = PBXFileReference; explicitFileType = wrapper.application; includeInIndex = 0; path = CalcApp.app; sourceTree = BUILT_PRODUCTS_DIR; };
		3D16156B1E54AF16008A8519 /* AppDelegate.swift */ = {isa = PBXFileReference; lastKnownFileType = sourcecode.swift; path = AppDelegate.swift; sourceTree = "<group>"; };
		3D16156D1E54AF16008A8519 /* ViewController.swift */ = {isa = PBXFileReference; lastKnownFileType = sourcecode.swift; path = ViewController.swift; sourceTree = "<group>"; };
		3D1615701E54AF16008A8519 /* Base */ = {isa = PBXFileReference; lastKnownFileType = file.storyboard; name = Base; path = Base.lproj/Main.storyboard; sourceTree = "<group>"; };
		3D1615731E54AF16008A8519 /* CalcApp.xcdatamodel */ = {isa = PBXFileReference; lastKnownFileType = wrapper.xcdatamodel; path = CalcApp.xcdatamodel; sourceTree = "<group>"; };
		3D1615751E54AF16008A8519 /* Assets.xcassets */ = {isa = PBXFileReference; lastKnownFileType = folder.assetcatalog; path = Assets.xcassets; sourceTree = "<group>"; };
		3D1615781E54AF16008A8519 /* Base */ = {isa = PBXFileReference; lastKnownFileType = file.storyboard; name = Base; path = Base.lproj/LaunchScreen.storyboard; sourceTree = "<group>"; };
		3D16157A1E54AF16008A8519 /* Info.plist */ = {isa = PBXFileReference; lastKnownFileType = text.plist.xml; path = Info.plist; sourceTree = "<group>"; };
/* End PBXFileReference section */

/* Begin PBXFrameworksBuildPhase section */
		3D1615651E54AF16008A8519 /* Frameworks */ = {
			isa = PBXFrameworksBuildPhase;
			buildActionMask = 2147483647;
			files = (
			);
			runOnlyForDeploymentPostprocessing = 0;
		};
/* End PBXFrameworksBuildPhase section */

/* Begin PBXGroup section */
		3D16155F1E54AF16008A8519 = {
			isa = PBXGroup;
			children = (
				3D16156A1E54AF16008A8519 /* CalcApp */,
				3D1615691E54AF16008A8519 /* Products */,
			);
			sourceTree = "<group>";
		};
		3D1615691E54AF16008A8519 /* Products */ = {
			isa = PBXGroup;
			children = (
				3D1615681E54AF16008A8519 /* CalcApp.app */,
			);
			name = Products;
			sourceTree = "<group>";
		};
		3D16156A1E54AF16008A8519 /* CalcApp */ = {
			isa = PBXGroup;
			children = (
				3D16156B1E54AF16008A8519 /* AppDelegate.swift */,
				3D16156D1E54AF16008A8519 /* ViewController.swift */,
				3D16156F1E54AF16008A8519 /* Main.storyboard */,
				3D1615751E54AF16008A8519 /* Assets.xcassets */,
				3D1615771E54AF16008A8519 /* LaunchScreen.storyboard */,
				3D16157A1E54AF16008A8519 /* Info.plist */,
				3D1615721E54AF16008A8519 /* CalcApp.xcdatamodeld */,
			);
			path = CalcApp;
			sourceTree = "<group>";
		};
/* End PBXGroup section */

/* Begin PBXNativeTarget section */
		3D1615671E54AF16008A8519 /* CalcApp */ = {
			isa = PBXNativeTarget;
			buildConfigurationList = 3D16157D1E54AF16008A8519 /* Build configuration list for PBXNativeTarget "CalcApp" */;
			buildPhases = (
				3D1615641E54AF16008A8519 /* Sources */,
				3D1615651E54AF16008A8519 /* Frameworks */,
				3D1615661E54AF16008A8519 /* Resources */,
			);
			buildRules = (
			);
			dependencies = (
			);
			name = CalcApp;
			productName = CalcApp;
			productReference = 3D1615681E54AF16008A8519 /* CalcApp.app */;
			productType = "com.apple.product-type.application";
		};
/* End PBXNativeTarget section */

/* Begin PBXProject section */
		3D1615601E54AF16008A8519 /* Project object */ = {
			isa = PBXProject;
			attributes = {
				LastSwiftUpdateCheck = 0820;
				LastUpgradeCheck = 0820;
				ORGANIZATIONNAME = "Mallory McGinty";
				TargetAttributes = {
					3D1615671E54AF16008A8519 = {
						CreatedOnToolsVersion = 8.2.1;
						ProvisioningStyle = Automatic;
					};
				};
			};
			buildConfigurationList = 3D1615631E54AF16008A8519 /* Build configuration list for PBXProject "CalcApp" */;
			compatibilityVersion = "Xcode 3.2";
			developmentRegion = English;
			hasScannedForEncodings = 0;
			knownRegions = (
				en,
				Base,
			);
			mainGroup = 3D16155F1E54AF16008A8519;
			productRefGroup = 3D1615691E54AF16008A8519 /* Products */;
			projectDirPath = "";
			projectRoot = "";
			targets = (
				3D1615671E54AF16008A8519 /* CalcApp */,
			);
		};
/* End PBXProject section */

/* Begin PBXResourcesBuildPhase section */
		3D1615661E54AF16008A8519 /* Resources */ = {
			isa = PBXResourcesBuildPhase;
			buildActionMask = 2147483647;
			files = (
				3D1615791E54AF16008A8519 /* LaunchScreen.storyboard in Resources */,
				3D1615761E54AF16008A8519 /* Assets.xcassets in Resources */,
				3D1615711E54AF16008A8519 /* Main.storyboard in Resources */,
			);
			runOnlyForDeploymentPostprocessing = 0;
		};
/* End PBXResourcesBuildPhase section */

/* Begin PBXSourcesBuildPhase section */
		3D1615641E54AF16008A8519 /* Sources */ = {
			isa = PBXSourcesBuildPhase;
			buildActionMask = 2147483647;
			files = (
				3D16156E1E54AF16008A8519 /* ViewController.swift in Sources */,
				3D16156C1E54AF16008A8519 /* AppDelegate.swift in Sources */,
				3D1615741E54AF16008A8519 /* CalcApp.xcdatamodeld in Sources */,
			);
			runOnlyForDeploymentPostprocessing = 0;
		};
/* End PBXSourcesBuildPhase section */

/* Begin PBXVariantGroup section */
		3D16156F1E54AF16008A8519 /* Main.storyboard */ = {
			isa = PBXVariantGroup;
			children = (
				3D1615701E54AF16008A8519 /* Base */,
			);
			name = Main.storyboard;
			sourceTree = "<group>";
		};
		3D1615771E54AF16008A8519 /* LaunchScreen.storyboard */ = {
			isa = PBXVariantGroup;
			children = (
				3D1615781E54AF16008A8519 /* Base */,
			);
			name = LaunchScreen.storyboard;
			sourceTree = "<group>";
		};
/* End PBXVariantGroup section */

/* Begin XCBuildConfiguration section */
		3D16157B1E54AF16008A8519 /* Debug */ = {
			isa = XCBuildConfiguration;
			buildSettings = {
				ALWAYS_SEARCH_USER_PATHS = NO;
				CLANG_ANALYZER_NONNULL = YES;
				CLANG_CXX_LANGUAGE_STANDARD = "gnu++0x";
				CLANG_CXX_LIBRARY = "libc++";
				CLANG_ENABLE_MODULES = YES;
				CLANG_ENABLE_OBJC_ARC = YES;
				CLANG_WARN_BOOL_CONVERSION = YES;
				CLANG_WARN_CONSTANT_CONVERSION = YES;
				CLANG_WARN_DIRECT_OBJC_ISA_USAGE = YES_ERROR;
				CLANG_WARN_DOCUMENTATION_COMMENTS = YES;
				CLANG_WARN_EMPTY_BODY = YES;
				CLANG_WARN_ENUM_CONVERSION = YES;
				CLANG_WARN_INFINITE_RECURSION = YES;
				CLANG_WARN_INT_CONVERSION = YES;
				CLANG_WARN_OBJC_ROOT_CLASS = YES_ERROR;
				CLANG_WARN_SUSPICIOUS_MOVE = YES;
				CLANG_WARN_UNREACHABLE_CODE = YES;
				CLANG_WARN__DUPLICATE_METHOD_MATCH = YES;
				"CODE_SIGN_IDENTITY[sdk=iphoneos*]" = "iPhone Developer";
				COPY_PHASE_STRIP = NO;
				DEBUG_INFORMATION_FORMAT = dwarf;
				ENABLE_STRICT_OBJC_MSGSEND = YES;
				ENABLE_TESTABILITY = YES;
				GCC_C_LANGUAGE_STANDARD = gnu99;
				GCC_DYNAMIC_NO_PIC = NO;
				GCC_NO_COMMON_BLOCKS = YES;
				GCC_OPTIMIZATION_LEVEL = 0;
				GCC_PREPROCESSOR_DEFINITIONS = (
					"DEBUG=1",
					"$(inherited)",
				);
				GCC_WARN_64_TO_32_BIT_CONVERSION = YES;
				GCC_WARN_ABOUT_RETURN_TYPE = YES_ERROR;
				GCC_WARN_UNDECLARED_SELECTOR = YES;
				GCC_WARN_UNINITIALIZED_AUTOS = YES_AGGRESSIVE;
				GCC_WARN_UNUSED_FUNCTION = YES;
				GCC_WARN_UNUSED_VARIABLE = YES;
				IPHONEOS_DEPLOYMENT_TARGET = 10.2;
				MTL_ENABLE_DEBUG_INFO = YES;
				ONLY_ACTIVE_ARCH = YES;
				SDKROOT = iphoneos;
				SWIFT_ACTIVE_COMPILATION_CONDITIONS = DEBUG;
				SWIFT_OPTIMIZATION_LEVEL = "-Onone";
				TARGETED_DEVICE_FAMILY = "1,2";
			};
			name = Debug;
		};
		3D16157C1E54AF16008A8519 /* Release */ = {
			isa = XCBuildConfiguration;
			buildSettings = {
				ALWAYS_SEARCH_USER_PATHS = NO;
				CLANG_ANALYZER_NONNULL = YES;
				CLANG_CXX_LANGUAGE_STANDARD = "gnu++0x";
				CLANG_CXX_LIBRARY = "libc++";
				CLANG_ENABLE_MODULES = YES;
				CLANG_ENABLE_OBJC_ARC = YES;
				CLANG_WARN_BOOL_CONVERSION = YES;
				CLANG_WARN_CONSTANT_CONVERSION = YES;
				CLANG_WARN_DIRECT_OBJC_ISA_USAGE = YES_ERROR;
				CLANG_WARN_DOCUMENTATION_COMMENTS = YES;
				CLANG_WARN_EMPTY_BODY = YES;
				CLANG_WARN_ENUM_CONVERSION = YES;
				CLANG_WARN_INFINITE_RECURSION = YES;
				CLANG_WARN_INT_CONVERSION = YES;
				CLANG_WARN_OBJC_ROOT_CLASS = YES_ERROR;
				CLANG_WARN_SUSPICIOUS_MOVE = YES;
				CLANG_WARN_UNREACHABLE_CODE = YES;
				CLANG_WARN__DUPLICATE_METHOD_MATCH = YES;
				"CODE_SIGN_IDENTITY[sdk=iphoneos*]" = "iPhone Developer";
				COPY_PHASE_STRIP = NO;
				DEBUG_INFORMATION_FORMAT = "dwarf-with-dsym";
				ENABLE_NS_ASSERTIONS = NO;
				ENABLE_STRICT_OBJC_MSGSEND = YES;
				GCC_C_LANGUAGE_STANDARD = gnu99;
				GCC_NO_COMMON_BLOCKS = YES;
				GCC_WARN_64_TO_32_BIT_CONVERSION = YES;
				GCC_WARN_ABOUT_RETURN_TYPE = YES_ERROR;
				GCC_WARN_UNDECLARED_SELECTOR = YES;
				GCC_WARN_UNINITIALIZED_AUTOS = YES_AGGRESSIVE;
				GCC_WARN_UNUSED_FUNCTION = YES;
				GCC_WARN_UNUSED_VARIABLE = YES;
				IPHONEOS_DEPLOYMENT_TARGET = 10.2;
				MTL_ENABLE_DEBUG_INFO = NO;
				SDKROOT = iphoneos;
				SWIFT_OPTIMIZATION_LEVEL = "-Owholemodule";
				TARGETED_DEVICE_FAMILY = "1,2";
				VALIDATE_PRODUCT = YES;
			};
			name = Release;
		};
		3D16157E1E54AF16008A8519 /* Debug */ = {
			isa = XCBuildConfiguration;
			buildSettings = {
				ASSETCATALOG_COMPILER_APPICON_NAME = AppIcon;
				INFOPLIST_FILE = CalcApp/Info.plist;
				LD_RUNPATH_SEARCH_PATHS = "$(inherited) @executable_path/Frameworks";
				PRODUCT_BUNDLE_IDENTIFIER = com.test.CalcApp;
				PRODUCT_NAME = "$(TARGET_NAME)";
				SWIFT_VERSION = 3.0;
			};
			name = Debug;
		};
		3D16157F1E54AF16008A8519 /* Release */ = {
			isa = XCBuildConfiguration;
			buildSettings = {
				ASSETCATALOG_COMPILER_APPICON_NAME = AppIcon;
				INFOPLIST_FILE = CalcApp/Info.plist;
				LD_RUNPATH_SEARCH_PATHS = "$(inherited) @executable_path/Frameworks";
				PRODUCT_BUNDLE_IDENTIFIER = com.test.CalcApp;
				PRODUCT_NAME = "$(TARGET_NAME)";
				SWIFT_VERSION = 3.0;
			};
			name = Release;
		};
/* End XCBuildConfiguration section */

/* Begin XCConfigurationList section */
		3D1615631E54AF16008A8519 /* Build configuration list for PBXProject "CalcApp" */ = {
			isa = XCConfigurationList;
			buildConfigurations = (
				3D16157B1E54AF16008A8519 /* Debug */,
				3D16157C1E54AF16008A8519 /* Release */,
			);
			defaultConfigurationIsVisible = 0;
			defaultConfigurationName = Release;
		};
		3D16157D1E54AF16008A8519 /* Build configuration list for PBXNativeTarget "CalcApp" */ = {
			isa = XCConfigurationList;
			buildConfigurations = (
				3D16157E1E54AF16008A8519 /* Debug */,
				3D16157F1E54AF16008A8519 /* Release */,
			);
			defaultConfigurationIsVisible = 0;
		};
/* End XCConfigurationList section */

/* Begin XCVersionGroup section */
		3D1615721E54AF16008A8519 /* CalcApp.xcdatamodeld */ = {
			isa = XCVersionGroup;
			children = (
				3D1615731E54AF16008A8519 /* CalcApp.xcdatamodel */,
			);
			currentVersion = 3D1615731E54AF16008A8519 /* CalcApp.xcdatamodel */;
			path = CalcApp.xcdatamodeld;
			sourceTree = "<group>";
			versionGroupType = wrapper.xcdatamodel;
		};
/* End XCVersionGroup section */
	};
	rootObject = 3D1615601E54AF16008A8519 /* Project object */;
}
